
Microsoft Visual Studio Solution File, Format Version 12.00
# Visual Studio Version 16
VisualStudioVersion = 16.0.29306.81
MinimumVisualStudioVersion = 10.0.40219.1
Project("{FAE04EC0-301F-11D3-BF4B-00C04F79EFBC}") = "MorseCode", "MorseCode\MorseCode.csproj", "{6D1537D3-59F9-4F70-B4EA-2989E7DEA161}"
EndProject
Project("{FAE04EC0-301F-11D3-BF4B-00C04F79EFBC}") = "MorseCodeTests", "MorseCodeTests\MorseCodeTests.csproj", "{FCA40D04-38FE-4FFD-9B1F-069841B28152}"
EndProject
Global
	GlobalSection(SolutionConfigurationPlatforms) = preSolution
		Debug|Any CPU = Debug|Any CPU
		Release|Any CPU = Release|Any CPU
	EndGlobalSection
	GlobalSection(ProjectConfigurationPlatforms) = postSolution
		{6D1537D3-59F9-4F70-B4EA-2989E7DEA161}.Debug|Any CPU.ActiveCfg = Debug|Any CPU
		{6D1537D3-59F9-4F70-B4EA-2989E7DEA161}.Debug|Any CPU.Build.0 = Debug|Any CPU
		{6D1537D3-59F9-4F70-B4EA-2989E7DEA161}.Release|Any CPU.ActiveCfg = Release|Any CPU
		{6D1537D3-59F9-4F70-B4EA-2989E7DEA161}.Release|Any CPU.Build.0 = Release|Any CPU
		{FCA40D04-38FE-4FFD-9B1F-069841B28152}.Debug|Any CPU.ActiveCfg = Debug|Any CPU
		{FCA40D04-38FE-4FFD-9B1F-069841B28152}.Debug|Any CPU.Build.0 = Debug|Any CPU
		{FCA40D04-38FE-4FFD-9B1F-069841B28152}.Release|Any CPU.ActiveCfg = Release|Any CPU
		{FCA40D04-38FE-4FFD-9B1F-069841B28152}.Release|Any CPU.Build.0 = Release|Any CPU
	EndGlobalSection
	GlobalSection(SolutionProperties) = preSolution
		HideSolutionNode = FALSE
	EndGlobalSection
	GlobalSection(ExtensibilityGlobals) = postSolution
		SolutionGuid = {1B5D11D5-3EDB-41F5-8002-73B7DDDF87C8}
	EndGlobalSection
EndGlobal
